{
    __meta__ = {
        version = "1.0"
    },
    ["windows|x64"] = {
        ["blook d4a960497253bf696a624592093761baecc06749#31fecfc4"] = {
            version = "d4a96049"
        },
        ["cmake#31fecfc4"] = {
            repo = {
                branch = "master",
                commit = "dd0994a8a573ee729ea1fcd8412ab8f929a25b9b",
                url = "https://github.com/xmake-io/xmake-repo.git"
            },
            version = "4.0.1"
        },
        ["ninja#31fecfc4"] = {
            repo = {
                branch = "master",
                commit = "dd0994a8a573ee729ea1fcd8412ab8f929a25b9b",
                url = "https://github.com/xmake-io/xmake-repo.git"
            },
            version = "v1.12.1"
        },
        ["zasm c239a78b51c1b0060296193174d78b802f02a618#31fecfc4"] = {
            repo = {
                branch = "master",
                commit = "dd0994a8a573ee729ea1fcd8412ab8f929a25b9b",
                url = "https://gitee.com/tboox/xmake-repo.git"
            },
            version = "c239a78b"
        },
        ["zycore-c v1.5.2#31fecfc4"] = {
            repo = {
                branch = "master",
                commit = "dd0994a8a573ee729ea1fcd8412ab8f929a25b9b",
                url = "https://github.com/xmake-io/xmake-repo.git"
            },
            version = "v1.5.2"
        },
        ["zydis#31fecfc4"] = {
            repo = {
                branch = "master",
                commit = "dd0994a8a573ee729ea1fcd8412ab8f929a25b9b",
                url = "https://github.com/xmake-io/xmake-repo.git"
            },
            version = "v4.1.1"
        }
    }
}